
Microsoft Visual Studio Solution File, Format Version 12.00
# Visual Studio 14
VisualStudioVersion = 14.0.25420.1
MinimumVisualStudioVersion = 10.0.40219.1
Project("{FAE04EC0-301F-11D3-BF4B-00C04F79EFBC}") = "Listing_01", "Listing_01\Listing_01.csproj", "{D4D4DB65-3DB6-40D3-9315-E642709E8552}"
EndProject
Project("{FAE04EC0-301F-11D3-BF4B-00C04F79EFBC}") = "Listing_02", "Listing_02\Listing_02.csproj", "{491AB40F-6E82-447A-A1FB-13D1DAA20DDE}"
EndProject
Project("{FAE04EC0-301F-11D3-BF4B-00C04F79EFBC}") = "Listing_03", "Listing_03\Listing_03.csproj", "{F844508E-D5D2-4C40-A0E7-7ECE9C162F65}"
EndProject
Project("{FAE04EC0-301F-11D3-BF4B-00C04F79EFBC}") = "Listing_04", "Listing_04\Listing_04.csproj", "{7357D420-D352-4A63-AAEB-48757CB14204}"
EndProject
Project("{FAE04EC0-301F-11D3-BF4B-00C04F79EFBC}") = "Listing_05", "Listing_05\Listing_05.csproj", "{D93A9661-3759-4635-9EA1-4068D31EFBEC}"
EndProject
Project("{FAE04EC0-301F-11D3-BF4B-00C04F79EFBC}") = "Listing_06", "Listing_06\Listing_06.csproj", "{7CCE1C5E-79BB-4BF3-917D-29343F85BFA5}"
EndProject
Project("{FAE04EC0-301F-11D3-BF4B-00C04F79EFBC}") = "Listing_07", "Listing_07\Listing_07.csproj", "{34B2C1F3-4A5D-41AE-A022-0D9075FE2CCE}"
EndProject
Project("{FAE04EC0-301F-11D3-BF4B-00C04F79EFBC}") = "Listing_08", "Listing_08\Listing_08.csproj", "{5B544C3D-D128-47A7-86A2-DAAC77165680}"
EndProject
Project("{FAE04EC0-301F-11D3-BF4B-00C04F79EFBC}") = "Listing_09", "Listing_09\Listing_09.csproj", "{57CB31BD-3487-4CBA-90F3-9C79A2BEE2AF}"
EndProject
Project("{FAE04EC0-301F-11D3-BF4B-00C04F79EFBC}") = "Listing_10", "Listing_10\Listing_10.csproj", "{F5E6ABA1-F321-4652-ABA3-6F7A64906562}"
EndProject
Project("{FAE04EC0-301F-11D3-BF4B-00C04F79EFBC}") = "Listing_11", "Listing_11\Listing_11.csproj", "{7D11059C-50D0-4A45-954F-124D643A80FB}"
EndProject
Project("{FAE04EC0-301F-11D3-BF4B-00C04F79EFBC}") = "Listing_12", "Listing_12\Listing_12.csproj", "{7EF17326-24C5-40E5-BB30-8EB76C092648}"
EndProject
Project("{FAE04EC0-301F-11D3-BF4B-00C04F79EFBC}") = "Listing_13", "Listing_13\Listing_13.csproj", "{286B85FE-A502-405F-8071-404DE889F78B}"
EndProject
Project("{FAE04EC0-301F-11D3-BF4B-00C04F79EFBC}") = "Listing_14", "Listing_14\Listing_14.csproj", "{4D37D33E-71B1-4319-9329-ED92C0B52B8B}"
EndProject
Project("{FAE04EC0-301F-11D3-BF4B-00C04F79EFBC}") = "Listing_15", "Listing_15\Listing_15.csproj", "{70E9E74C-D807-48A5-A7FE-42B6BB60FFF8}"
EndProject
Project("{FAE04EC0-301F-11D3-BF4B-00C04F79EFBC}") = "Listing_16", "Listing_16\Listing_16.csproj", "{EF37CDAC-A37A-4ED1-A2BA-195A7A7511F8}"
EndProject
Project("{FAE04EC0-301F-11D3-BF4B-00C04F79EFBC}") = "Listing_17", "Listing_17\Listing_17.csproj", "{7666CC6D-BF80-43A1-9714-CA058E30BEF4}"
EndProject
Project("{FAE04EC0-301F-11D3-BF4B-00C04F79EFBC}") = "Listing_18", "Listing_18\Listing_18.csproj", "{31734308-2907-48AB-ADDE-40FA809C44DA}"
EndProject
Project("{FAE04EC0-301F-11D3-BF4B-00C04F79EFBC}") = "Listing_19", "Listing_19\Listing_19.csproj", "{082012A2-5066-49CA-BC20-341F0FAC2486}"
EndProject
Project("{FAE04EC0-301F-11D3-BF4B-00C04F79EFBC}") = "Listing_20", "Listing_20\Listing_20.csproj", "{8317581D-52C5-4C79-8215-BFF82472D109}"
EndProject
Project("{FAE04EC0-301F-11D3-BF4B-00C04F79EFBC}") = "Listing_21", "Listing_21\Listing_21.csproj", "{2DDA20AA-09C5-4F55-AF4A-B7E7E2DDF21D}"
EndProject
Project("{FAE04EC0-301F-11D3-BF4B-00C04F79EFBC}") = "Listing_22", "Listing_22\Listing_22.csproj", "{5398DD23-AED4-4256-877E-2215D23A9D18}"
EndProject
Project("{FAE04EC0-301F-11D3-BF4B-00C04F79EFBC}") = "Listing_23", "Listing_23\Listing_23.csproj", "{0D1866C0-E00D-43B4-8CD7-B351CC5EE904}"
EndProject
Project("{2150E333-8FDC-42A3-9474-1A3956D46DE8}") = "Common Problems", "Common Problems", "{9CC8176C-2BF3-4F47-9939-A8ECEEFBDBE1}"
EndProject
Project("{FAE04EC0-301F-11D3-BF4B-00C04F79EFBC}") = "Dependency_Deadlock", "Dependency_Deadlock\Dependency_Deadlock.csproj", "{2AE9A4D8-C6F2-4D99-AD31-071BB583389C}"
EndProject
Project("{FAE04EC0-301F-11D3-BF4B-00C04F79EFBC}") = "Excessive_Spinning", "Excessive_Spinning\Excessive_Spinning.csproj", "{C3F1E065-F371-4F4E-8A46-55D01B72938E}"
EndProject
Global
	GlobalSection(SolutionConfigurationPlatforms) = preSolution
		Debug|Any CPU = Debug|Any CPU
		Release|Any CPU = Release|Any CPU
	EndGlobalSection
	GlobalSection(ProjectConfigurationPlatforms) = postSolution
		{D4D4DB65-3DB6-40D3-9315-E642709E8552}.Debug|Any CPU.ActiveCfg = Debug|Any CPU
		{D4D4DB65-3DB6-40D3-9315-E642709E8552}.Debug|Any CPU.Build.0 = Debug|Any CPU
		{D4D4DB65-3DB6-40D3-9315-E642709E8552}.Release|Any CPU.ActiveCfg = Release|Any CPU
		{D4D4DB65-3DB6-40D3-9315-E642709E8552}.Release|Any CPU.Build.0 = Release|Any CPU
		{491AB40F-6E82-447A-A1FB-13D1DAA20DDE}.Debug|Any CPU.ActiveCfg = Debug|Any CPU
		{491AB40F-6E82-447A-A1FB-13D1DAA20DDE}.Debug|Any CPU.Build.0 = Debug|Any CPU
		{491AB40F-6E82-447A-A1FB-13D1DAA20DDE}.Release|Any CPU.ActiveCfg = Release|Any CPU
		{491AB40F-6E82-447A-A1FB-13D1DAA20DDE}.Release|Any CPU.Build.0 = Release|Any CPU
		{F844508E-D5D2-4C40-A0E7-7ECE9C162F65}.Debug|Any CPU.ActiveCfg = Debug|Any CPU
		{F844508E-D5D2-4C40-A0E7-7ECE9C162F65}.Debug|Any CPU.Build.0 = Debug|Any CPU
		{F844508E-D5D2-4C40-A0E7-7ECE9C162F65}.Release|Any CPU.ActiveCfg = Release|Any CPU
		{F844508E-D5D2-4C40-A0E7-7ECE9C162F65}.Release|Any CPU.Build.0 = Release|Any CPU
		{7357D420-D352-4A63-AAEB-48757CB14204}.Debug|Any CPU.ActiveCfg = Debug|Any CPU
		{7357D420-D352-4A63-AAEB-48757CB14204}.Debug|Any CPU.Build.0 = Debug|Any CPU
		{7357D420-D352-4A63-AAEB-48757CB14204}.Release|Any CPU.ActiveCfg = Release|Any CPU
		{7357D420-D352-4A63-AAEB-48757CB14204}.Release|Any CPU.Build.0 = Release|Any CPU
		{D93A9661-3759-4635-9EA1-4068D31EFBEC}.Debug|Any CPU.ActiveCfg = Debug|Any CPU
		{D93A9661-3759-4635-9EA1-4068D31EFBEC}.Debug|Any CPU.Build.0 = Debug|Any CPU
		{D93A9661-3759-4635-9EA1-4068D31EFBEC}.Release|Any CPU.ActiveCfg = Release|Any CPU
		{D93A9661-3759-4635-9EA1-4068D31EFBEC}.Release|Any CPU.Build.0 = Release|Any CPU
		{7CCE1C5E-79BB-4BF3-917D-29343F85BFA5}.Debug|Any CPU.ActiveCfg = Debug|Any CPU
		{7CCE1C5E-79BB-4BF3-917D-29343F85BFA5}.Debug|Any CPU.Build.0 = Debug|Any CPU
		{7CCE1C5E-79BB-4BF3-917D-29343F85BFA5}.Release|Any CPU.ActiveCfg = Release|Any CPU
		{7CCE1C5E-79BB-4BF3-917D-29343F85BFA5}.Release|Any CPU.Build.0 = Release|Any CPU
		{34B2C1F3-4A5D-41AE-A022-0D9075FE2CCE}.Debug|Any CPU.ActiveCfg = Debug|Any CPU
		{34B2C1F3-4A5D-41AE-A022-0D9075FE2CCE}.Debug|Any CPU.Build.0 = Debug|Any CPU
		{34B2C1F3-4A5D-41AE-A022-0D9075FE2CCE}.Release|Any CPU.ActiveCfg = Release|Any CPU
		{34B2C1F3-4A5D-41AE-A022-0D9075FE2CCE}.Release|Any CPU.Build.0 = Release|Any CPU
		{5B544C3D-D128-47A7-86A2-DAAC77165680}.Debug|Any CPU.ActiveCfg = Debug|Any CPU
		{5B544C3D-D128-47A7-86A2-DAAC77165680}.Debug|Any CPU.Build.0 = Debug|Any CPU
		{5B544C3D-D128-47A7-86A2-DAAC77165680}.Release|Any CPU.ActiveCfg = Release|Any CPU
		{5B544C3D-D128-47A7-86A2-DAAC77165680}.Release|Any CPU.Build.0 = Release|Any CPU
		{57CB31BD-3487-4CBA-90F3-9C79A2BEE2AF}.Debug|Any CPU.ActiveCfg = Debug|Any CPU
		{57CB31BD-3487-4CBA-90F3-9C79A2BEE2AF}.Debug|Any CPU.Build.0 = Debug|Any CPU
		{57CB31BD-3487-4CBA-90F3-9C79A2BEE2AF}.Release|Any CPU.ActiveCfg = Release|Any CPU
		{57CB31BD-3487-4CBA-90F3-9C79A2BEE2AF}.Release|Any CPU.Build.0 = Release|Any CPU
		{F5E6ABA1-F321-4652-ABA3-6F7A64906562}.Debug|Any CPU.ActiveCfg = Debug|Any CPU
		{F5E6ABA1-F321-4652-ABA3-6F7A64906562}.Debug|Any CPU.Build.0 = Debug|Any CPU
		{F5E6ABA1-F321-4652-ABA3-6F7A64906562}.Release|Any CPU.ActiveCfg = Release|Any CPU
		{F5E6ABA1-F321-4652-ABA3-6F7A64906562}.Release|Any CPU.Build.0 = Release|Any CPU
		{7D11059C-50D0-4A45-954F-124D643A80FB}.Debug|Any CPU.ActiveCfg = Debug|Any CPU
		{7D11059C-50D0-4A45-954F-124D643A80FB}.Debug|Any CPU.Build.0 = Debug|Any CPU
		{7D11059C-50D0-4A45-954F-124D643A80FB}.Release|Any CPU.ActiveCfg = Release|Any CPU
		{7D11059C-50D0-4A45-954F-124D643A80FB}.Release|Any CPU.Build.0 = Release|Any CPU
		{7EF17326-24C5-40E5-BB30-8EB76C092648}.Debug|Any CPU.ActiveCfg = Debug|Any CPU
		{7EF17326-24C5-40E5-BB30-8EB76C092648}.Debug|Any CPU.Build.0 = Debug|Any CPU
		{7EF17326-24C5-40E5-BB30-8EB76C092648}.Release|Any CPU.ActiveCfg = Release|Any CPU
		{7EF17326-24C5-40E5-BB30-8EB76C092648}.Release|Any CPU.Build.0 = Release|Any CPU
		{286B85FE-A502-405F-8071-404DE889F78B}.Debug|Any CPU.ActiveCfg = Debug|Any CPU
		{286B85FE-A502-405F-8071-404DE889F78B}.Debug|Any CPU.Build.0 = Debug|Any CPU
		{286B85FE-A502-405F-8071-404DE889F78B}.Release|Any CPU.ActiveCfg = Release|Any CPU
		{286B85FE-A502-405F-8071-404DE889F78B}.Release|Any CPU.Build.0 = Release|Any CPU
		{4D37D33E-71B1-4319-9329-ED92C0B52B8B}.Debug|Any CPU.ActiveCfg = Debug|Any CPU
		{4D37D33E-71B1-4319-9329-ED92C0B52B8B}.Debug|Any CPU.Build.0 = Debug|Any CPU
		{4D37D33E-71B1-4319-9329-ED92C0B52B8B}.Release|Any CPU.ActiveCfg = Release|Any CPU
		{4D37D33E-71B1-4319-9329-ED92C0B52B8B}.Release|Any CPU.Build.0 = Release|Any CPU
		{70E9E74C-D807-48A5-A7FE-42B6BB60FFF8}.Debug|Any CPU.ActiveCfg = Debug|Any CPU
		{70E9E74C-D807-48A5-A7FE-42B6BB60FFF8}.Debug|Any CPU.Build.0 = Debug|Any CPU
		{70E9E74C-D807-48A5-A7FE-42B6BB60FFF8}.Release|Any CPU.ActiveCfg = Release|Any CPU
		{70E9E74C-D807-48A5-A7FE-42B6BB60FFF8}.Release|Any CPU.Build.0 = Release|Any CPU
		{EF37CDAC-A37A-4ED1-A2BA-195A7A7511F8}.Debug|Any CPU.ActiveCfg = Debug|Any CPU
		{EF37CDAC-A37A-4ED1-A2BA-195A7A7511F8}.Debug|Any CPU.Build.0 = Debug|Any CPU
		{EF37CDAC-A37A-4ED1-A2BA-195A7A7511F8}.Release|Any CPU.ActiveCfg = Release|Any CPU
		{EF37CDAC-A37A-4ED1-A2BA-195A7A7511F8}.Release|Any CPU.Build.0 = Release|Any CPU
		{7666CC6D-BF80-43A1-9714-CA058E30BEF4}.Debug|Any CPU.ActiveCfg = Debug|Any CPU
		{7666CC6D-BF80-43A1-9714-CA058E30BEF4}.Debug|Any CPU.Build.0 = Debug|Any CPU
		{7666CC6D-BF80-43A1-9714-CA058E30BEF4}.Release|Any CPU.ActiveCfg = Release|Any CPU
		{7666CC6D-BF80-43A1-9714-CA058E30BEF4}.Release|Any CPU.Build.0 = Release|Any CPU
		{31734308-2907-48AB-ADDE-40FA809C44DA}.Debug|Any CPU.ActiveCfg = Debug|Any CPU
		{31734308-2907-48AB-ADDE-40FA809C44DA}.Debug|Any CPU.Build.0 = Debug|Any CPU
		{31734308-2907-48AB-ADDE-40FA809C44DA}.Release|Any CPU.ActiveCfg = Release|Any CPU
		{31734308-2907-48AB-ADDE-40FA809C44DA}.Release|Any CPU.Build.0 = Release|Any CPU
		{082012A2-5066-49CA-BC20-341F0FAC2486}.Debug|Any CPU.ActiveCfg = Debug|Any CPU
		{082012A2-5066-49CA-BC20-341F0FAC2486}.Debug|Any CPU.Build.0 = Debug|Any CPU
		{082012A2-5066-49CA-BC20-341F0FAC2486}.Release|Any CPU.ActiveCfg = Release|Any CPU
		{082012A2-5066-49CA-BC20-341F0FAC2486}.Release|Any CPU.Build.0 = Release|Any CPU
		{8317581D-52C5-4C79-8215-BFF82472D109}.Debug|Any CPU.ActiveCfg = Debug|Any CPU
		{8317581D-52C5-4C79-8215-BFF82472D109}.Debug|Any CPU.Build.0 = Debug|Any CPU
		{8317581D-52C5-4C79-8215-BFF82472D109}.Release|Any CPU.ActiveCfg = Release|Any CPU
		{8317581D-52C5-4C79-8215-BFF82472D109}.Release|Any CPU.Build.0 = Release|Any CPU
		{2DDA20AA-09C5-4F55-AF4A-B7E7E2DDF21D}.Debug|Any CPU.ActiveCfg = Debug|Any CPU
		{2DDA20AA-09C5-4F55-AF4A-B7E7E2DDF21D}.Debug|Any CPU.Build.0 = Debug|Any CPU
		{2DDA20AA-09C5-4F55-AF4A-B7E7E2DDF21D}.Release|Any CPU.ActiveCfg = Release|Any CPU
		{2DDA20AA-09C5-4F55-AF4A-B7E7E2DDF21D}.Release|Any CPU.Build.0 = Release|Any CPU
		{5398DD23-AED4-4256-877E-2215D23A9D18}.Debug|Any CPU.ActiveCfg = Debug|Any CPU
		{5398DD23-AED4-4256-877E-2215D23A9D18}.Debug|Any CPU.Build.0 = Debug|Any CPU
		{5398DD23-AED4-4256-877E-2215D23A9D18}.Release|Any CPU.ActiveCfg = Release|Any CPU
		{5398DD23-AED4-4256-877E-2215D23A9D18}.Release|Any CPU.Build.0 = Release|Any CPU
		{0D1866C0-E00D-43B4-8CD7-B351CC5EE904}.Debug|Any CPU.ActiveCfg = Debug|Any CPU
		{0D1866C0-E00D-43B4-8CD7-B351CC5EE904}.Debug|Any CPU.Build.0 = Debug|Any CPU
		{0D1866C0-E00D-43B4-8CD7-B351CC5EE904}.Release|Any CPU.ActiveCfg = Release|Any CPU
		{0D1866C0-E00D-43B4-8CD7-B351CC5EE904}.Release|Any CPU.Build.0 = Release|Any CPU
		{2AE9A4D8-C6F2-4D99-AD31-071BB583389C}.Debug|Any CPU.ActiveCfg = Debug|Any CPU
		{2AE9A4D8-C6F2-4D99-AD31-071BB583389C}.Debug|Any CPU.Build.0 = Debug|Any CPU
		{2AE9A4D8-C6F2-4D99-AD31-071BB583389C}.Release|Any CPU.ActiveCfg = Release|Any CPU
		{2AE9A4D8-C6F2-4D99-AD31-071BB583389C}.Release|Any CPU.Build.0 = Release|Any CPU
		{C3F1E065-F371-4F4E-8A46-55D01B72938E}.Debug|Any CPU.ActiveCfg = Debug|Any CPU
		{C3F1E065-F371-4F4E-8A46-55D01B72938E}.Debug|Any CPU.Build.0 = Debug|Any CPU
		{C3F1E065-F371-4F4E-8A46-55D01B72938E}.Release|Any CPU.ActiveCfg = Release|Any CPU
		{C3F1E065-F371-4F4E-8A46-55D01B72938E}.Release|Any CPU.Build.0 = Release|Any CPU
	EndGlobalSection
	GlobalSection(SolutionProperties) = preSolution
		HideSolutionNode = FALSE
	EndGlobalSection
	GlobalSection(NestedProjects) = preSolution
		{2AE9A4D8-C6F2-4D99-AD31-071BB583389C} = {9CC8176C-2BF3-4F47-9939-A8ECEEFBDBE1}
		{C3F1E065-F371-4F4E-8A46-55D01B72938E} = {9CC8176C-2BF3-4F47-9939-A8ECEEFBDBE1}
	EndGlobalSection
EndGlobal
