
Microsoft Visual Studio Solution File, Format Version 12.00
# Visual Studio 14
VisualStudioVersion = 14.0.25420.1
MinimumVisualStudioVersion = 10.0.40219.1
Project("{FAE04EC0-301F-11D3-BF4B-00C04F79EFBC}") = "Listing_01", "Listing_01\Listing_01.csproj", "{D4D4DB65-3DB6-40D3-9315-E642709E8552}"
EndProject
Project("{FAE04EC0-301F-11D3-BF4B-00C04F79EFBC}") = "Listing_02", "Listing_02\Listing_02.csproj", "{491AB40F-6E82-447A-A1FB-13D1DAA20DDE}"
EndProject
Global
	GlobalSection(SolutionConfigurationPlatforms) = preSolution
		Debug|Any CPU = Debug|Any CPU
		Release|Any CPU = Release|Any CPU
	EndGlobalSection
	GlobalSection(ProjectConfigurationPlatforms) = postSolution
		{D4D4DB65-3DB6-40D3-9315-E642709E8552}.Debug|Any CPU.ActiveCfg = Debug|Any CPU
		{D4D4DB65-3DB6-40D3-9315-E642709E8552}.Debug|Any CPU.Build.0 = Debug|Any CPU
		{D4D4DB65-3DB6-40D3-9315-E642709E8552}.Release|Any CPU.ActiveCfg = Release|Any CPU
		{D4D4DB65-3DB6-40D3-9315-E642709E8552}.Release|Any CPU.Build.0 = Release|Any CPU
		{491AB40F-6E82-447A-A1FB-13D1DAA20DDE}.Debug|Any CPU.ActiveCfg = Debug|Any CPU
		{491AB40F-6E82-447A-A1FB-13D1DAA20DDE}.Debug|Any CPU.Build.0 = Debug|Any CPU
		{491AB40F-6E82-447A-A1FB-13D1DAA20DDE}.Release|Any CPU.ActiveCfg = Release|Any CPU
		{491AB40F-6E82-447A-A1FB-13D1DAA20DDE}.Release|Any CPU.Build.0 = Release|Any CPU
	EndGlobalSection
	GlobalSection(SolutionProperties) = preSolution
		HideSolutionNode = FALSE
	EndGlobalSection
EndGlobal
